# This file is automatically generated and should not be manually edited.
# It's used by Cargo to track dependency versions.

[[package]]
name = "order-book-simulator"
version = "0.1.0"
dependencies = [
 "async-trait 0.1.0",
 "cuda 0.1.0",
 "cudarc 0.1.0",
 "env_logger 0.10.0",
 "log 0.4.0",
 "serde 1.0.0",
 "serde_json 1.0.0",
 "tokio 1.0.0",
 "warp 0.3.0",
]

[[package]]
name = "async-trait"
version = "0.1.0"
source = "registry+https://github.com/rust-lang/crates.io-index"

[[package]]
name = "cuda"
version = "0.1.0"
source = "registry+https://github.com/rust-lang/crates.io-index"

[[package]]
name = "cudarc"
version = "0.1.0"
source = "registry+https://github.com/rust-lang/crates.io-index"

[[package]]
name = "env_logger"
version = "0.10.0"
source = "registry+https://github.com/rust-lang/crates.io-index"

[[package]]
name = "log"
version = "0.4.0"
source = "registry+https://github.com/rust-lang/crates.io-index"

[[package]]
name = "serde"
version = "1.0.0"
source = "registry+https://github.com/rust-lang/crates.io-index"

[[package]]
name = "serde_json"
version = "1.0.0"
source = "registry+https://github.com/rust-lang/crates.io-index"

[[package]]
name = "tokio"
version = "1.0.0"
source = "registry+https://github.com/rust-lang/crates.io-index"

[[package]]
name = "warp"
version = "0.3.0"
source = "registry+https://github.com/rust-lang/crates.io-index"

[[package]]
name = "tokio-test"
version = "0.4.0"
source = "registry+https://github.com/rust-lang/crates.io-index"